// !$*UTF8*$!
{
	archiveVersion = 1;
	classes = {
	};
	objectVersion = 46;
	objects = {

/* Begin PBXBuildFile section */
		42C0BA2E1587E1C30054C43F /* 73-radar.png in Resources */ = {isa = PBXBuildFile; fileRef = 42C0BA251587E1C30054C43F /* 73-radar.png */; };
		42C0BA2F1587E1C30054C43F /* 73-radar@2x.png in Resources */ = {isa = PBXBuildFile; fileRef = 42C0BA261587E1C30054C43F /* 73-radar@2x.png */; };
		42C0BA301587E1C30054C43F /* 103-map.png in Resources */ = {isa = PBXBuildFile; fileRef = 42C0BA271587E1C30054C43F /* 103-map.png */; };
		42C0BA311587E1C30054C43F /* 103-map@2x.png in Resources */ = {isa = PBXBuildFile; fileRef = 42C0BA281587E1C30054C43F /* 103-map@2x.png */; };
		42C0BA321587E1C30054C43F /* dotted-pattern.png in Resources */ = {isa = PBXBuildFile; fileRef = 42C0BA291587E1C30054C43F /* dotted-pattern.png */; };
		42C0BA331587E1C30054C43F /* dotted-pattern@2x.png in Resources */ = {isa = PBXBuildFile; fileRef = 42C0BA2A1587E1C30054C43F /* dotted-pattern@2x.png */; };
		42C0BA341587E1C30054C43F /* inner-shadow.png in Resources */ = {isa = PBXBuildFile; fileRef = 42C0BA2B1587E1C30054C43F /* inner-shadow.png */; };
		42C0BA351587E1C30054C43F /* provahud.png in Resources */ = {isa = PBXBuildFile; fileRef = 42C0BA2C1587E1C30054C43F /* provahud.png */; };
		42C0BA361587E1C30054C43F /* Schermata 06-2456086 alle 15.10.49.png in Resources */ = {isa = PBXBuildFile; fileRef = 42C0BA2D1587E1C30054C43F /* Schermata 06-2456086 alle 15.10.49.png */; };
		42C0BA461587E3990054C43F /* MapVisualizationViewController.m in Sources */ = {isa = PBXBuildFile; fileRef = 42C0BA451587E3990054C43F /* MapVisualizationViewController.m */; };
		B519BECD155ECEB500B3EC92 /* NSObject+SBJson.m in Sources */ = {isa = PBXBuildFile; fileRef = B519BEB5155ECEB500B3EC92 /* NSObject+SBJson.m */; };
		B519BECE155ECEB500B3EC92 /* SBJsonParser.m in Sources */ = {isa = PBXBuildFile; fileRef = B519BEB8155ECEB500B3EC92 /* SBJsonParser.m */; };
		B519BECF155ECEB500B3EC92 /* SBJsonStreamParser.m in Sources */ = {isa = PBXBuildFile; fileRef = B519BEBA155ECEB500B3EC92 /* SBJsonStreamParser.m */; };
		B519BED0155ECEB500B3EC92 /* SBJsonStreamParserAccumulator.m in Sources */ = {isa = PBXBuildFile; fileRef = B519BEBC155ECEB500B3EC92 /* SBJsonStreamParserAccumulator.m */; };
		B519BED1155ECEB500B3EC92 /* SBJsonStreamParserAdapter.m in Sources */ = {isa = PBXBuildFile; fileRef = B519BEBE155ECEB500B3EC92 /* SBJsonStreamParserAdapter.m */; };
		B519BED2155ECEB500B3EC92 /* SBJsonStreamParserState.m in Sources */ = {isa = PBXBuildFile; fileRef = B519BEC0155ECEB500B3EC92 /* SBJsonStreamParserState.m */; };
		B519BED3155ECEB500B3EC92 /* SBJsonStreamWriter.m in Sources */ = {isa = PBXBuildFile; fileRef = B519BEC2155ECEB500B3EC92 /* SBJsonStreamWriter.m */; };
		B519BED4155ECEB500B3EC92 /* SBJsonStreamWriterAccumulator.m in Sources */ = {isa = PBXBuildFile; fileRef = B519BEC4155ECEB500B3EC92 /* SBJsonStreamWriterAccumulator.m */; };
		B519BED5155ECEB500B3EC92 /* SBJsonStreamWriterState.m in Sources */ = {isa = PBXBuildFile; fileRef = B519BEC6155ECEB500B3EC92 /* SBJsonStreamWriterState.m */; };
		B519BED6155ECEB500B3EC92 /* SBJsonTokeniser.m in Sources */ = {isa = PBXBuildFile; fileRef = B519BEC8155ECEB500B3EC92 /* SBJsonTokeniser.m */; };
		B519BED7155ECEB500B3EC92 /* SBJsonUTF8Stream.m in Sources */ = {isa = PBXBuildFile; fileRef = B519BECA155ECEB500B3EC92 /* SBJsonUTF8Stream.m */; };
		B519BED8155ECEB500B3EC92 /* SBJsonWriter.m in Sources */ = {isa = PBXBuildFile; fileRef = B519BECC155ECEB500B3EC92 /* SBJsonWriter.m */; };
		B5C2212A155E9E4E0065E0CD /* UIKit.framework in Frameworks */ = {isa = PBXBuildFile; fileRef = B5C22129155E9E4E0065E0CD /* UIKit.framework */; };
		B5C2212C155E9E4E0065E0CD /* Foundation.framework in Frameworks */ = {isa = PBXBuildFile; fileRef = B5C2212B155E9E4E0065E0CD /* Foundation.framework */; };
		B5C2212E155E9E4E0065E0CD /* CoreGraphics.framework in Frameworks */ = {isa = PBXBuildFile; fileRef = B5C2212D155E9E4E0065E0CD /* CoreGraphics.framework */; };
		B5C22134155E9E4E0065E0CD /* InfoPlist.strings in Resources */ = {isa = PBXBuildFile; fileRef = B5C22132155E9E4E0065E0CD /* InfoPlist.strings */; };
		B5C22136155E9E4E0065E0CD /* main.m in Sources */ = {isa = PBXBuildFile; fileRef = B5C22135155E9E4E0065E0CD /* main.m */; };
		B5C2213A155E9E4E0065E0CD /* AppDelegate.m in Sources */ = {isa = PBXBuildFile; fileRef = B5C22139155E9E4E0065E0CD /* AppDelegate.m */; };
		B5C2213D155E9E4E0065E0CD /* FirstViewController.m in Sources */ = {isa = PBXBuildFile; fileRef = B5C2213C155E9E4E0065E0CD /* FirstViewController.m */; };
		B5C2213F155E9E4E0065E0CD /* first.png in Resources */ = {isa = PBXBuildFile; fileRef = B5C2213E155E9E4E0065E0CD /* first.png */; };
		B5C22141155E9E4E0065E0CD /* first@2x.png in Resources */ = {isa = PBXBuildFile; fileRef = B5C22140155E9E4E0065E0CD /* first@2x.png */; };
		B5C22144155E9E4E0065E0CD /* SecondViewController.m in Sources */ = {isa = PBXBuildFile; fileRef = B5C22143155E9E4E0065E0CD /* SecondViewController.m */; };
		B5C22146155E9E4E0065E0CD /* second.png in Resources */ = {isa = PBXBuildFile; fileRef = B5C22145155E9E4E0065E0CD /* second.png */; };
		B5C22148155E9E4E0065E0CD /* second@2x.png in Resources */ = {isa = PBXBuildFile; fileRef = B5C22147155E9E4E0065E0CD /* second@2x.png */; };
		B5C2214B155E9E4E0065E0CD /* FirstViewController.xib in Resources */ = {isa = PBXBuildFile; fileRef = B5C22149155E9E4E0065E0CD /* FirstViewController.xib */; };
		B5C2214E155E9E4E0065E0CD /* SecondViewController.xib in Resources */ = {isa = PBXBuildFile; fileRef = B5C2214C155E9E4E0065E0CD /* SecondViewController.xib */; };
		B5D225B215810AC700F1D7DC /* libsqlite3.0.dylib in Frameworks */ = {isa = PBXBuildFile; fileRef = B5D225B115810AC700F1D7DC /* libsqlite3.0.dylib */; };
		B5D225B81581141800F1D7DC /* nodes.sqlite in Resources */ = {isa = PBXBuildFile; fileRef = B5D225B71581141800F1D7DC /* nodes.sqlite */; };
		B5F92A351580DD0D0086B6A0 /* MapKit.framework in Frameworks */ = {isa = PBXBuildFile; fileRef = B5F92A341580DD0D0086B6A0 /* MapKit.framework */; };
		B5F92A3D1580E4660086B6A0 /* CoreLocation.framework in Frameworks */ = {isa = PBXBuildFile; fileRef = B5F92A3C1580E4660086B6A0 /* CoreLocation.framework */; };
/* End PBXBuildFile section */

/* Begin PBXFileReference section */
		42C0BA251587E1C30054C43F /* 73-radar.png */ = {isa = PBXFileReference; lastKnownFileType = image.png; path = "73-radar.png"; sourceTree = "<group>"; };
		42C0BA261587E1C30054C43F /* 73-radar@2x.png */ = {isa = PBXFileReference; lastKnownFileType = image.png; path = "73-radar@2x.png"; sourceTree = "<group>"; };
		42C0BA271587E1C30054C43F /* 103-map.png */ = {isa = PBXFileReference; lastKnownFileType = image.png; path = "103-map.png"; sourceTree = "<group>"; };
		42C0BA281587E1C30054C43F /* 103-map@2x.png */ = {isa = PBXFileReference; lastKnownFileType = image.png; path = "103-map@2x.png"; sourceTree = "<group>"; };
		42C0BA291587E1C30054C43F /* dotted-pattern.png */ = {isa = PBXFileReference; lastKnownFileType = image.png; path = "dotted-pattern.png"; sourceTree = "<group>"; };
		42C0BA2A1587E1C30054C43F /* dotted-pattern@2x.png */ = {isa = PBXFileReference; lastKnownFileType = image.png; path = "dotted-pattern@2x.png"; sourceTree = "<group>"; };
		42C0BA2B1587E1C30054C43F /* inner-shadow.png */ = {isa = PBXFileReference; lastKnownFileType = image.png; path = "inner-shadow.png"; sourceTree = "<group>"; };
		42C0BA2C1587E1C30054C43F /* provahud.png */ = {isa = PBXFileReference; lastKnownFileType = image.png; path = provahud.png; sourceTree = "<group>"; };
		42C0BA2D1587E1C30054C43F /* Schermata 06-2456086 alle 15.10.49.png */ = {isa = PBXFileReference; lastKnownFileType = image.png; path = "Schermata 06-2456086 alle 15.10.49.png"; sourceTree = "<group>"; };
		42C0BA381587E1DB0054C43F /* HUDView.h */ = {isa = PBXFileReference; lastKnownFileType = sourcecode.c.h; path = HUDView.h; sourceTree = "<group>"; };
		42C0BA391587E1DB0054C43F /* HUDView.m */ = {isa = PBXFileReference; lastKnownFileType = sourcecode.c.objc; path = HUDView.m; sourceTree = "<group>"; };
		42C0BA3A1587E1DB0054C43F /* HUDView.xib */ = {isa = PBXFileReference; lastKnownFileType = file.xib; path = HUDView.xib; sourceTree = "<group>"; };
		42C0BA3D1587E20A0054C43F /* MapVisualizationOptionsViewController.xib */ = {isa = PBXFileReference; lastKnownFileType = file.xib; path = MapVisualizationOptionsViewController.xib; sourceTree = "<group>"; };
		42C0BA3E1587E20A0054C43F /* UIView+Animation.h */ = {isa = PBXFileReference; lastKnownFileType = sourcecode.c.h; path = "UIView+Animation.h"; sourceTree = "<group>"; };
		42C0BA3F1587E20A0054C43F /* UIView+Animation.m */ = {isa = PBXFileReference; lastKnownFileType = sourcecode.c.objc; path = "UIView+Animation.m"; sourceTree = "<group>"; };
		42C0BA441587E3990054C43F /* MapVisualizationViewController.h */ = {isa = PBXFileReference; fileEncoding = 4; lastKnownFileType = sourcecode.c.h; path = MapVisualizationViewController.h; sourceTree = "<group>"; };
		42C0BA451587E3990054C43F /* MapVisualizationViewController.m */ = {isa = PBXFileReference; fileEncoding = 4; lastKnownFileType = sourcecode.c.objc; path = MapVisualizationViewController.m; sourceTree = "<group>"; };
		B519BEB4155ECEB500B3EC92 /* NSObject+SBJson.h */ = {isa = PBXFileReference; fileEncoding = 4; lastKnownFileType = sourcecode.c.h; path = "NSObject+SBJson.h"; sourceTree = "<group>"; };
		B519BEB5155ECEB500B3EC92 /* NSObject+SBJson.m */ = {isa = PBXFileReference; fileEncoding = 4; lastKnownFileType = sourcecode.c.objc; path = "NSObject+SBJson.m"; sourceTree = "<group>"; };
		B519BEB6155ECEB500B3EC92 /* SBJson.h */ = {isa = PBXFileReference; fileEncoding = 4; lastKnownFileType = sourcecode.c.h; path = SBJson.h; sourceTree = "<group>"; };
		B519BEB7155ECEB500B3EC92 /* SBJsonParser.h */ = {isa = PBXFileReference; fileEncoding = 4; lastKnownFileType = sourcecode.c.h; path = SBJsonParser.h; sourceTree = "<group>"; };
		B519BEB8155ECEB500B3EC92 /* SBJsonParser.m */ = {isa = PBXFileReference; fileEncoding = 4; lastKnownFileType = sourcecode.c.objc; path = SBJsonParser.m; sourceTree = "<group>"; };
		B519BEB9155ECEB500B3EC92 /* SBJsonStreamParser.h */ = {isa = PBXFileReference; fileEncoding = 4; lastKnownFileType = sourcecode.c.h; path = SBJsonStreamParser.h; sourceTree = "<group>"; };
		B519BEBA155ECEB500B3EC92 /* SBJsonStreamParser.m */ = {isa = PBXFileReference; fileEncoding = 4; lastKnownFileType = sourcecode.c.objc; path = SBJsonStreamParser.m; sourceTree = "<group>"; };
		B519BEBB155ECEB500B3EC92 /* SBJsonStreamParserAccumulator.h */ = {isa = PBXFileReference; fileEncoding = 4; lastKnownFileType = sourcecode.c.h; path = SBJsonStreamParserAccumulator.h; sourceTree = "<group>"; };
		B519BEBC155ECEB500B3EC92 /* SBJsonStreamParserAccumulator.m */ = {isa = PBXFileReference; fileEncoding = 4; lastKnownFileType = sourcecode.c.objc; path = SBJsonStreamParserAccumulator.m; sourceTree = "<group>"; };
		B519BEBD155ECEB500B3EC92 /* SBJsonStreamParserAdapter.h */ = {isa = PBXFileReference; fileEncoding = 4; lastKnownFileType = sourcecode.c.h; path = SBJsonStreamParserAdapter.h; sourceTree = "<group>"; };
		B519BEBE155ECEB500B3EC92 /* SBJsonStreamParserAdapter.m */ = {isa = PBXFileReference; fileEncoding = 4; lastKnownFileType = sourcecode.c.objc; path = SBJsonStreamParserAdapter.m; sourceTree = "<group>"; };
		B519BEBF155ECEB500B3EC92 /* SBJsonStreamParserState.h */ = {isa = PBXFileReference; fileEncoding = 4; lastKnownFileType = sourcecode.c.h; path = SBJsonStreamParserState.h; sourceTree = "<group>"; };
		B519BEC0155ECEB500B3EC92 /* SBJsonStreamParserState.m */ = {isa = PBXFileReference; fileEncoding = 4; lastKnownFileType = sourcecode.c.objc; path = SBJsonStreamParserState.m; sourceTree = "<group>"; };
		B519BEC1155ECEB500B3EC92 /* SBJsonStreamWriter.h */ = {isa = PBXFileReference; fileEncoding = 4; lastKnownFileType = sourcecode.c.h; path = SBJsonStreamWriter.h; sourceTree = "<group>"; };
		B519BEC2155ECEB500B3EC92 /* SBJsonStreamWriter.m */ = {isa = PBXFileReference; fileEncoding = 4; lastKnownFileType = sourcecode.c.objc; path = SBJsonStreamWriter.m; sourceTree = "<group>"; };
		B519BEC3155ECEB500B3EC92 /* SBJsonStreamWriterAccumulator.h */ = {isa = PBXFileReference; fileEncoding = 4; lastKnownFileType = sourcecode.c.h; path = SBJsonStreamWriterAccumulator.h; sourceTree = "<group>"; };
		B519BEC4155ECEB500B3EC92 /* SBJsonStreamWriterAccumulator.m */ = {isa = PBXFileReference; fileEncoding = 4; lastKnownFileType = sourcecode.c.objc; path = SBJsonStreamWriterAccumulator.m; sourceTree = "<group>"; };
		B519BEC5155ECEB500B3EC92 /* SBJsonStreamWriterState.h */ = {isa = PBXFileReference; fileEncoding = 4; lastKnownFileType = sourcecode.c.h; path = SBJsonStreamWriterState.h; sourceTree = "<group>"; };
		B519BEC6155ECEB500B3EC92 /* SBJsonStreamWriterState.m */ = {isa = PBXFileReference; fileEncoding = 4; lastKnownFileType = sourcecode.c.objc; path = SBJsonStreamWriterState.m; sourceTree = "<group>"; };
		B519BEC7155ECEB500B3EC92 /* SBJsonTokeniser.h */ = {isa = PBXFileReference; fileEncoding = 4; lastKnownFileType = sourcecode.c.h; path = SBJsonTokeniser.h; sourceTree = "<group>"; };
		B519BEC8155ECEB500B3EC92 /* SBJsonTokeniser.m */ = {isa = PBXFileReference; fileEncoding = 4; lastKnownFileType = sourcecode.c.objc; path = SBJsonTokeniser.m; sourceTree = "<group>"; };
		B519BEC9155ECEB500B3EC92 /* SBJsonUTF8Stream.h */ = {isa = PBXFileReference; fileEncoding = 4; lastKnownFileType = sourcecode.c.h; path = SBJsonUTF8Stream.h; sourceTree = "<group>"; };
		B519BECA155ECEB500B3EC92 /* SBJsonUTF8Stream.m */ = {isa = PBXFileReference; fileEncoding = 4; lastKnownFileType = sourcecode.c.objc; path = SBJsonUTF8Stream.m; sourceTree = "<group>"; };
		B519BECB155ECEB500B3EC92 /* SBJsonWriter.h */ = {isa = PBXFileReference; fileEncoding = 4; lastKnownFileType = sourcecode.c.h; path = SBJsonWriter.h; sourceTree = "<group>"; };
		B519BECC155ECEB500B3EC92 /* SBJsonWriter.m */ = {isa = PBXFileReference; fileEncoding = 4; lastKnownFileType = sourcecode.c.objc; path = SBJsonWriter.m; sourceTree = "<group>"; };
		B5C22125155E9E4E0065E0CD /* ninuxapp.app */ = {isa = PBXFileReference; explicitFileType = wrapper.application; includeInIndex = 0; path = ninuxapp.app; sourceTree = BUILT_PRODUCTS_DIR; };
		B5C22129155E9E4E0065E0CD /* UIKit.framework */ = {isa = PBXFileReference; lastKnownFileType = wrapper.framework; name = UIKit.framework; path = System/Library/Frameworks/UIKit.framework; sourceTree = SDKROOT; };
		B5C2212B155E9E4E0065E0CD /* Foundation.framework */ = {isa = PBXFileReference; lastKnownFileType = wrapper.framework; name = Foundation.framework; path = System/Library/Frameworks/Foundation.framework; sourceTree = SDKROOT; };
		B5C2212D155E9E4E0065E0CD /* CoreGraphics.framework */ = {isa = PBXFileReference; lastKnownFileType = wrapper.framework; name = CoreGraphics.framework; path = System/Library/Frameworks/CoreGraphics.framework; sourceTree = SDKROOT; };
		B5C22131155E9E4E0065E0CD /* ninuxapp-Info.plist */ = {isa = PBXFileReference; lastKnownFileType = text.plist.xml; path = "ninuxapp-Info.plist"; sourceTree = "<group>"; };
		B5C22133155E9E4E0065E0CD /* en */ = {isa = PBXFileReference; lastKnownFileType = text.plist.strings; name = en; path = en.lproj/InfoPlist.strings; sourceTree = "<group>"; };
		B5C22135155E9E4E0065E0CD /* main.m */ = {isa = PBXFileReference; lastKnownFileType = sourcecode.c.objc; path = main.m; sourceTree = "<group>"; };
		B5C22137155E9E4E0065E0CD /* ninuxapp-Prefix.pch */ = {isa = PBXFileReference; lastKnownFileType = sourcecode.c.h; path = "ninuxapp-Prefix.pch"; sourceTree = "<group>"; };
		B5C22138155E9E4E0065E0CD /* AppDelegate.h */ = {isa = PBXFileReference; lastKnownFileType = sourcecode.c.h; path = AppDelegate.h; sourceTree = "<group>"; };
		B5C22139155E9E4E0065E0CD /* AppDelegate.m */ = {isa = PBXFileReference; lastKnownFileType = sourcecode.c.objc; path = AppDelegate.m; sourceTree = "<group>"; };
		B5C2213B155E9E4E0065E0CD /* FirstViewController.h */ = {isa = PBXFileReference; lastKnownFileType = sourcecode.c.h; path = FirstViewController.h; sourceTree = "<group>"; };
		B5C2213C155E9E4E0065E0CD /* FirstViewController.m */ = {isa = PBXFileReference; lastKnownFileType = sourcecode.c.objc; path = FirstViewController.m; sourceTree = "<group>"; };
		B5C2213E155E9E4E0065E0CD /* first.png */ = {isa = PBXFileReference; lastKnownFileType = image.png; path = first.png; sourceTree = "<group>"; };
		B5C22140155E9E4E0065E0CD /* first@2x.png */ = {isa = PBXFileReference; lastKnownFileType = image.png; path = "first@2x.png"; sourceTree = "<group>"; };
		B5C22142155E9E4E0065E0CD /* SecondViewController.h */ = {isa = PBXFileReference; lastKnownFileType = sourcecode.c.h; path = SecondViewController.h; sourceTree = "<group>"; };
		B5C22143155E9E4E0065E0CD /* SecondViewController.m */ = {isa = PBXFileReference; lastKnownFileType = sourcecode.c.objc; path = SecondViewController.m; sourceTree = "<group>"; };
		B5C22145155E9E4E0065E0CD /* second.png */ = {isa = PBXFileReference; lastKnownFileType = image.png; path = second.png; sourceTree = "<group>"; };
		B5C22147155E9E4E0065E0CD /* second@2x.png */ = {isa = PBXFileReference; lastKnownFileType = image.png; path = "second@2x.png"; sourceTree = "<group>"; };
		B5C2214A155E9E4E0065E0CD /* en */ = {isa = PBXFileReference; lastKnownFileType = file.xib; name = en; path = en.lproj/FirstViewController.xib; sourceTree = "<group>"; };
		B5C2214D155E9E4E0065E0CD /* en */ = {isa = PBXFileReference; lastKnownFileType = file.xib; name = en; path = en.lproj/SecondViewController.xib; sourceTree = "<group>"; };
		B5D225B115810AC700F1D7DC /* libsqlite3.0.dylib */ = {isa = PBXFileReference; lastKnownFileType = "compiled.mach-o.dylib"; name = libsqlite3.0.dylib; path = usr/lib/libsqlite3.0.dylib; sourceTree = SDKROOT; };
		B5D225B71581141800F1D7DC /* nodes.sqlite */ = {isa = PBXFileReference; lastKnownFileType = file; path = nodes.sqlite; sourceTree = "<group>"; };
		B5F92A341580DD0D0086B6A0 /* MapKit.framework */ = {isa = PBXFileReference; lastKnownFileType = wrapper.framework; name = MapKit.framework; path = System/Library/Frameworks/MapKit.framework; sourceTree = SDKROOT; };
		B5F92A3C1580E4660086B6A0 /* CoreLocation.framework */ = {isa = PBXFileReference; lastKnownFileType = wrapper.framework; name = CoreLocation.framework; path = System/Library/Frameworks/CoreLocation.framework; sourceTree = SDKROOT; };
/* End PBXFileReference section */

/* Begin PBXFrameworksBuildPhase section */
		B5C22122155E9E4E0065E0CD /* Frameworks */ = {
			isa = PBXFrameworksBuildPhase;
			buildActionMask = 2147483647;
			files = (
				B5D225B215810AC700F1D7DC /* libsqlite3.0.dylib in Frameworks */,
				B5F92A3D1580E4660086B6A0 /* CoreLocation.framework in Frameworks */,
				B5F92A351580DD0D0086B6A0 /* MapKit.framework in Frameworks */,
				B5C2212A155E9E4E0065E0CD /* UIKit.framework in Frameworks */,
				B5C2212C155E9E4E0065E0CD /* Foundation.framework in Frameworks */,
				B5C2212E155E9E4E0065E0CD /* CoreGraphics.framework in Frameworks */,
			);
			runOnlyForDeploymentPostprocessing = 0;
		};
/* End PBXFrameworksBuildPhase section */

/* Begin PBXGroup section */
		B519BEB3155ECEB500B3EC92 /* SBJson */ = {
			isa = PBXGroup;
			children = (
				B519BEB4155ECEB500B3EC92 /* NSObject+SBJson.h */,
				B519BEB5155ECEB500B3EC92 /* NSObject+SBJson.m */,
				B519BEB6155ECEB500B3EC92 /* SBJson.h */,
				B519BEB7155ECEB500B3EC92 /* SBJsonParser.h */,
				B519BEB8155ECEB500B3EC92 /* SBJsonParser.m */,
				B519BEB9155ECEB500B3EC92 /* SBJsonStreamParser.h */,
				B519BEBA155ECEB500B3EC92 /* SBJsonStreamParser.m */,
				B519BEBB155ECEB500B3EC92 /* SBJsonStreamParserAccumulator.h */,
				B519BEBC155ECEB500B3EC92 /* SBJsonStreamParserAccumulator.m */,
				B519BEBD155ECEB500B3EC92 /* SBJsonStreamParserAdapter.h */,
				B519BEBE155ECEB500B3EC92 /* SBJsonStreamParserAdapter.m */,
				B519BEBF155ECEB500B3EC92 /* SBJsonStreamParserState.h */,
				B519BEC0155ECEB500B3EC92 /* SBJsonStreamParserState.m */,
				B519BEC1155ECEB500B3EC92 /* SBJsonStreamWriter.h */,
				B519BEC2155ECEB500B3EC92 /* SBJsonStreamWriter.m */,
				B519BEC3155ECEB500B3EC92 /* SBJsonStreamWriterAccumulator.h */,
				B519BEC4155ECEB500B3EC92 /* SBJsonStreamWriterAccumulator.m */,
				B519BEC5155ECEB500B3EC92 /* SBJsonStreamWriterState.h */,
				B519BEC6155ECEB500B3EC92 /* SBJsonStreamWriterState.m */,
				B519BEC7155ECEB500B3EC92 /* SBJsonTokeniser.h */,
				B519BEC8155ECEB500B3EC92 /* SBJsonTokeniser.m */,
				B519BEC9155ECEB500B3EC92 /* SBJsonUTF8Stream.h */,
				B519BECA155ECEB500B3EC92 /* SBJsonUTF8Stream.m */,
				B519BECB155ECEB500B3EC92 /* SBJsonWriter.h */,
				B519BECC155ECEB500B3EC92 /* SBJsonWriter.m */,
			);
			path = SBJson;
			sourceTree = "<group>";
		};
		B5C2211A155E9E4E0065E0CD = {
			isa = PBXGroup;
			children = (
				B5D225B71581141800F1D7DC /* nodes.sqlite */,
				B519BEB3155ECEB500B3EC92 /* SBJson */,
				B5C2212F155E9E4E0065E0CD /* ninuxapp */,
				B5C22128155E9E4E0065E0CD /* Frameworks */,
				B5C22126155E9E4E0065E0CD /* Products */,
			);
			sourceTree = "<group>";
		};
		B5C22126155E9E4E0065E0CD /* Products */ = {
			isa = PBXGroup;
			children = (
				B5C22125155E9E4E0065E0CD /* ninuxapp.app */,
			);
			name = Products;
			sourceTree = "<group>";
		};
		B5C22128155E9E4E0065E0CD /* Frameworks */ = {
			isa = PBXGroup;
			children = (
				B5D225B115810AC700F1D7DC /* libsqlite3.0.dylib */,
				B5F92A341580DD0D0086B6A0 /* MapKit.framework */,
				B5F92A3C1580E4660086B6A0 /* CoreLocation.framework */,
				B5C22129155E9E4E0065E0CD /* UIKit.framework */,
				B5C2212B155E9E4E0065E0CD /* Foundation.framework */,
				B5C2212D155E9E4E0065E0CD /* CoreGraphics.framework */,
			);
			name = Frameworks;
			sourceTree = "<group>";
		};
		B5C2212F155E9E4E0065E0CD /* ninuxapp */ = {
			isa = PBXGroup;
			children = (
				42C0BA441587E3990054C43F /* MapVisualizationViewController.h */,
				42C0BA451587E3990054C43F /* MapVisualizationViewController.m */,
				B5C22138155E9E4E0065E0CD /* AppDelegate.h */,
				B5C22139155E9E4E0065E0CD /* AppDelegate.m */,
				B5C2213B155E9E4E0065E0CD /* FirstViewController.h */,
				B5C2213C155E9E4E0065E0CD /* FirstViewController.m */,
				42C0BA3D1587E20A0054C43F /* MapVisualizationOptionsViewController.xib */,
				42C0BA3E1587E20A0054C43F /* UIView+Animation.h */,
				42C0BA3F1587E20A0054C43F /* UIView+Animation.m */,
				B5C2213E155E9E4E0065E0CD /* first.png */,
				B5C22140155E9E4E0065E0CD /* first@2x.png */,
				B5C22142155E9E4E0065E0CD /* SecondViewController.h */,
				42C0BA381587E1DB0054C43F /* HUDView.h */,
				42C0BA391587E1DB0054C43F /* HUDView.m */,
				42C0BA3A1587E1DB0054C43F /* HUDView.xib */,
				B5C22143155E9E4E0065E0CD /* SecondViewController.m */,
				42C0BA251587E1C30054C43F /* 73-radar.png */,
				42C0BA261587E1C30054C43F /* 73-radar@2x.png */,
				42C0BA271587E1C30054C43F /* 103-map.png */,
				42C0BA281587E1C30054C43F /* 103-map@2x.png */,
				42C0BA291587E1C30054C43F /* dotted-pattern.png */,
				42C0BA2A1587E1C30054C43F /* dotted-pattern@2x.png */,
				42C0BA2B1587E1C30054C43F /* inner-shadow.png */,
				42C0BA2C1587E1C30054C43F /* provahud.png */,
				42C0BA2D1587E1C30054C43F /* Schermata 06-2456086 alle 15.10.49.png */,
				B5C22145155E9E4E0065E0CD /* second.png */,
				B5C22147155E9E4E0065E0CD /* second@2x.png */,
				B5C22149155E9E4E0065E0CD /* FirstViewController.xib */,
				B5C2214C155E9E4E0065E0CD /* SecondViewController.xib */,
				B5C22130155E9E4E0065E0CD /* Supporting Files */,
			);
			path = ninuxapp;
			sourceTree = "<group>";
		};
		B5C22130155E9E4E0065E0CD /* Supporting Files */ = {
			isa = PBXGroup;
			children = (
				B5C22131155E9E4E0065E0CD /* ninuxapp-Info.plist */,
				B5C22132155E9E4E0065E0CD /* InfoPlist.strings */,
				B5C22135155E9E4E0065E0CD /* main.m */,
				B5C22137155E9E4E0065E0CD /* ninuxapp-Prefix.pch */,
			);
			name = "Supporting Files";
			sourceTree = "<group>";
		};
/* End PBXGroup section */

/* Begin PBXNativeTarget section */
		B5C22124155E9E4E0065E0CD /* ninuxapp */ = {
			isa = PBXNativeTarget;
			buildConfigurationList = B5C22151155E9E4E0065E0CD /* Build configuration list for PBXNativeTarget "ninuxapp" */;
			buildPhases = (
				B5C22121155E9E4E0065E0CD /* Sources */,
				B5C22122155E9E4E0065E0CD /* Frameworks */,
				B5C22123155E9E4E0065E0CD /* Resources */,
			);
			buildRules = (
			);
			dependencies = (
			);
			name = ninuxapp;
			productName = ninuxapp;
			productReference = B5C22125155E9E4E0065E0CD /* ninuxapp.app */;
			productType = "com.apple.product-type.application";
		};
/* End PBXNativeTarget section */

/* Begin PBXProject section */
		B5C2211C155E9E4E0065E0CD /* Project object */ = {
			isa = PBXProject;
			attributes = {
				LastUpgradeCheck = 0430;
			};
			buildConfigurationList = B5C2211F155E9E4E0065E0CD /* Build configuration list for PBXProject "ninuxapp" */;
			compatibilityVersion = "Xcode 3.2";
			developmentRegion = English;
			hasScannedForEncodings = 0;
			knownRegions = (
				en,
			);
			mainGroup = B5C2211A155E9E4E0065E0CD;
			productRefGroup = B5C22126155E9E4E0065E0CD /* Products */;
			projectDirPath = "";
			projectRoot = "";
			targets = (
				B5C22124155E9E4E0065E0CD /* ninuxapp */,
			);
		};
/* End PBXProject section */

/* Begin PBXResourcesBuildPhase section */
		B5C22123155E9E4E0065E0CD /* Resources */ = {
			isa = PBXResourcesBuildPhase;
			buildActionMask = 2147483647;
			files = (
				B5C22134155E9E4E0065E0CD /* InfoPlist.strings in Resources */,
				B5C2213F155E9E4E0065E0CD /* first.png in Resources */,
				B5C22141155E9E4E0065E0CD /* first@2x.png in Resources */,
				B5C22146155E9E4E0065E0CD /* second.png in Resources */,
				B5C22148155E9E4E0065E0CD /* second@2x.png in Resources */,
				B5C2214B155E9E4E0065E0CD /* FirstViewController.xib in Resources */,
				B5C2214E155E9E4E0065E0CD /* SecondViewController.xib in Resources */,
				B5D225B81581141800F1D7DC /* nodes.sqlite in Resources */,
				42C0BA2E1587E1C30054C43F /* 73-radar.png in Resources */,
				42C0BA2F1587E1C30054C43F /* 73-radar@2x.png in Resources */,
				42C0BA301587E1C30054C43F /* 103-map.png in Resources */,
				42C0BA311587E1C30054C43F /* 103-map@2x.png in Resources */,
				42C0BA321587E1C30054C43F /* dotted-pattern.png in Resources */,
				42C0BA331587E1C30054C43F /* dotted-pattern@2x.png in Resources */,
				42C0BA341587E1C30054C43F /* inner-shadow.png in Resources */,
				42C0BA351587E1C30054C43F /* provahud.png in Resources */,
				42C0BA361587E1C30054C43F /* Schermata 06-2456086 alle 15.10.49.png in Resources */,
			);
			runOnlyForDeploymentPostprocessing = 0;
		};
/* End PBXResourcesBuildPhase section */

/* Begin PBXSourcesBuildPhase section */
		B5C22121155E9E4E0065E0CD /* Sources */ = {
			isa = PBXSourcesBuildPhase;
			buildActionMask = 2147483647;
			files = (
				B5C22136155E9E4E0065E0CD /* main.m in Sources */,
				B5C2213A155E9E4E0065E0CD /* AppDelegate.m in Sources */,
				B5C2213D155E9E4E0065E0CD /* FirstViewController.m in Sources */,
				B5C22144155E9E4E0065E0CD /* SecondViewController.m in Sources */,
				B519BECD155ECEB500B3EC92 /* NSObject+SBJson.m in Sources */,
				B519BECE155ECEB500B3EC92 /* SBJsonParser.m in Sources */,
				B519BECF155ECEB500B3EC92 /* SBJsonStreamParser.m in Sources */,
				B519BED0155ECEB500B3EC92 /* SBJsonStreamParserAccumulator.m in Sources */,
				B519BED1155ECEB500B3EC92 /* SBJsonStreamParserAdapter.m in Sources */,
				B519BED2155ECEB500B3EC92 /* SBJsonStreamParserState.m in Sources */,
				B519BED3155ECEB500B3EC92 /* SBJsonStreamWriter.m in Sources */,
				B519BED4155ECEB500B3EC92 /* SBJsonStreamWriterAccumulator.m in Sources */,
				B519BED5155ECEB500B3EC92 /* SBJsonStreamWriterState.m in Sources */,
				B519BED6155ECEB500B3EC92 /* SBJsonTokeniser.m in Sources */,
				B519BED7155ECEB500B3EC92 /* SBJsonUTF8Stream.m in Sources */,
				B519BED8155ECEB500B3EC92 /* SBJsonWriter.m in Sources */,
				42C0BA461587E3990054C43F /* MapVisualizationViewController.m in Sources */,
			);
			runOnlyForDeploymentPostprocessing = 0;
		};
/* End PBXSourcesBuildPhase section */

/* Begin PBXVariantGroup section */
		B5C22132155E9E4E0065E0CD /* InfoPlist.strings */ = {
			isa = PBXVariantGroup;
			children = (
				B5C22133155E9E4E0065E0CD /* en */,
			);
			name = InfoPlist.strings;
			sourceTree = "<group>";
		};
		B5C22149155E9E4E0065E0CD /* FirstViewController.xib */ = {
			isa = PBXVariantGroup;
			children = (
				B5C2214A155E9E4E0065E0CD /* en */,
			);
			name = FirstViewController.xib;
			sourceTree = "<group>";
		};
		B5C2214C155E9E4E0065E0CD /* SecondViewController.xib */ = {
			isa = PBXVariantGroup;
			children = (
				B5C2214D155E9E4E0065E0CD /* en */,
			);
			name = SecondViewController.xib;
			sourceTree = "<group>";
		};
/* End PBXVariantGroup section */

/* Begin XCBuildConfiguration section */
		B5C2214F155E9E4E0065E0CD /* Debug */ = {
			isa = XCBuildConfiguration;
			buildSettings = {
				ALWAYS_SEARCH_USER_PATHS = NO;
				ARCHS = "$(ARCHS_STANDARD_32_BIT)";
				CLANG_ENABLE_OBJC_ARC = YES;
				"CODE_SIGN_IDENTITY[sdk=iphoneos*]" = "iPhone Developer";
				COPY_PHASE_STRIP = NO;
				GCC_C_LANGUAGE_STANDARD = gnu99;
				GCC_DYNAMIC_NO_PIC = NO;
				GCC_OPTIMIZATION_LEVEL = 0;
				GCC_PREPROCESSOR_DEFINITIONS = (
					"DEBUG=1",
					"$(inherited)",
				);
				GCC_SYMBOLS_PRIVATE_EXTERN = NO;
				GCC_VERSION = com.apple.compilers.llvm.clang.1_0;
				GCC_WARN_ABOUT_RETURN_TYPE = YES;
				GCC_WARN_UNINITIALIZED_AUTOS = YES;
				GCC_WARN_UNUSED_VARIABLE = YES;
				IPHONEOS_DEPLOYMENT_TARGET = 5.1;
				SDKROOT = iphoneos;
			};
			name = Debug;
		};
		B5C22150155E9E4E0065E0CD /* Release */ = {
			isa = XCBuildConfiguration;
			buildSettings = {
				ALWAYS_SEARCH_USER_PATHS = NO;
				ARCHS = "$(ARCHS_STANDARD_32_BIT)";
				CLANG_ENABLE_OBJC_ARC = YES;
				"CODE_SIGN_IDENTITY[sdk=iphoneos*]" = "iPhone Developer";
				COPY_PHASE_STRIP = YES;
				GCC_C_LANGUAGE_STANDARD = gnu99;
				GCC_VERSION = com.apple.compilers.llvm.clang.1_0;
				GCC_WARN_ABOUT_RETURN_TYPE = YES;
				GCC_WARN_UNINITIALIZED_AUTOS = YES;
				GCC_WARN_UNUSED_VARIABLE = YES;
				IPHONEOS_DEPLOYMENT_TARGET = 5.1;
				OTHER_CFLAGS = "-DNS_BLOCK_ASSERTIONS=1";
				SDKROOT = iphoneos;
				VALIDATE_PRODUCT = YES;
			};
			name = Release;
		};
		B5C22152155E9E4E0065E0CD /* Debug */ = {
			isa = XCBuildConfiguration;
			buildSettings = {
				GCC_PRECOMPILE_PREFIX_HEADER = YES;
				GCC_PREFIX_HEADER = "ninuxapp/ninuxapp-Prefix.pch";
				INFOPLIST_FILE = "ninuxapp/ninuxapp-Info.plist";
				PRODUCT_NAME = "$(TARGET_NAME)";
				WRAPPER_EXTENSION = app;
			};
			name = Debug;
		};
		B5C22153155E9E4E0065E0CD /* Release */ = {
			isa = XCBuildConfiguration;
			buildSettings = {
				GCC_PRECOMPILE_PREFIX_HEADER = YES;
				GCC_PREFIX_HEADER = "ninuxapp/ninuxapp-Prefix.pch";
				INFOPLIST_FILE = "ninuxapp/ninuxapp-Info.plist";
				PRODUCT_NAME = "$(TARGET_NAME)";
				WRAPPER_EXTENSION = app;
			};
			name = Release;
		};
/* End XCBuildConfiguration section */

/* Begin XCConfigurationList section */
		B5C2211F155E9E4E0065E0CD /* Build configuration list for PBXProject "ninuxapp" */ = {
			isa = XCConfigurationList;
			buildConfigurations = (
				B5C2214F155E9E4E0065E0CD /* Debug */,
				B5C22150155E9E4E0065E0CD /* Release */,
			);
			defaultConfigurationIsVisible = 0;
			defaultConfigurationName = Release;
		};
		B5C22151155E9E4E0065E0CD /* Build configuration list for PBXNativeTarget "ninuxapp" */ = {
			isa = XCConfigurationList;
			buildConfigurations = (
				B5C22152155E9E4E0065E0CD /* Debug */,
				B5C22153155E9E4E0065E0CD /* Release */,
			);
			defaultConfigurationIsVisible = 0;
			defaultConfigurationName = Release;
		};
/* End XCConfigurationList section */
	};
	rootObject = B5C2211C155E9E4E0065E0CD /* Project object */;
}
